// !$*UTF8*$!
{
	archiveVersion = 1;
	classes = {
	};
	objectVersion = 50;
	objects = {

/* Begin PBXBuildFile section */
		0C26373623E065EB0017A846 /* ViewController+CoachingOverlay.swift in Sources */ = {isa = PBXBuildFile; fileRef = 0C26373523E065EA0017A846 /* ViewController+CoachingOverlay.swift */; };
		522391532519FB560042F709 /* PreviewMetalView.swift in Sources */ = {isa = PBXBuildFile; fileRef = 522391402519FB550042F709 /* PreviewMetalView.swift */; };
		522391542519FB560042F709 /* VideoMixer.swift in Sources */ = {isa = PBXBuildFile; fileRef = 522391412519FB550042F709 /* VideoMixer.swift */; };
		522391552519FB560042F709 /* CameraViewController.swift in Sources */ = {isa = PBXBuildFile; fileRef = 522391422519FB550042F709 /* CameraViewController.swift */; };
		522391562519FB560042F709 /* HistogramCalculator.m in Sources */ = {isa = PBXBuildFile; fileRef = 522391432519FB550042F709 /* HistogramCalculator.m */; };
		522391572519FB560042F709 /* minMaxFromBuffer.m in Sources */ = {isa = PBXBuildFile; fileRef = 522391442519FB550042F709 /* minMaxFromBuffer.m */; };
		522391582519FB560042F709 /* DepthToJETConverter.swift in Sources */ = {isa = PBXBuildFile; fileRef = 522391452519FB550042F709 /* DepthToJETConverter.swift */; };
		522391592519FB560042F709 /* PointCloud.metal in Sources */ = {isa = PBXBuildFile; fileRef = 522391472519FB550042F709 /* PointCloud.metal */; };
		5223915A2519FB560042F709 /* Mixer.metal in Sources */ = {isa = PBXBuildFile; fileRef = 522391482519FB550042F709 /* Mixer.metal */; };
		5223915B2519FB560042F709 /* DepthToJET.metal in Sources */ = {isa = PBXBuildFile; fileRef = 522391492519FB550042F709 /* DepthToJET.metal */; };
		5223915C2519FB560042F709 /* PassThrough.metal in Sources */ = {isa = PBXBuildFile; fileRef = 5223914A2519FB550042F709 /* PassThrough.metal */; };
		5223915D2519FB560042F709 /* FilterRenderer.swift in Sources */ = {isa = PBXBuildFile; fileRef = 5223914B2519FB550042F709 /* FilterRenderer.swift */; };
		5223915F2519FB560042F709 /* AAPLTransforms.mm in Sources */ = {isa = PBXBuildFile; fileRef = 522391502519FB550042F709 /* AAPLTransforms.mm */; };
		522391602519FB560042F709 /* PointCloudMetalView.mm in Sources */ = {isa = PBXBuildFile; fileRef = 522391522519FB550042F709 /* PointCloudMetalView.mm */; };
		522391662519FE4A0042F709 /* ChooseDemoVC.swift in Sources */ = {isa = PBXBuildFile; fileRef = 522391652519FE4A0042F709 /* ChooseDemoVC.swift */; };
		52239168251A0BF60042F709 /* README in Resources */ = {isa = PBXBuildFile; fileRef = 52239167251A0BF60042F709 /* README */; };
		E136398023EB064300668585 /* RoundedButton.swift in Sources */ = {isa = PBXBuildFile; fileRef = E136397F23EB064300668585 /* RoundedButton.swift */; };
		E1635E1623D5BDFD0031A7D8 /* AppDelegate.swift in Sources */ = {isa = PBXBuildFile; fileRef = E1635E1523D5BDFD0031A7D8 /* AppDelegate.swift */; };
		E1635E1823D5BDFD0031A7D8 /* ViewController.swift in Sources */ = {isa = PBXBuildFile; fileRef = E1635E1723D5BDFD0031A7D8 /* ViewController.swift */; };
		E1635E1D23D5BDFD0031A7D8 /* Main.storyboard in Resources */ = {isa = PBXBuildFile; fileRef = E1635E1B23D5BDFD0031A7D8 /* Main.storyboard */; };
		E1635E1F23D5BDFE0031A7D8 /* Assets.xcassets in Resources */ = {isa = PBXBuildFile; fileRef = E1635E1E23D5BDFE0031A7D8 /* Assets.xcassets */; };
		E1635E2223D5BDFE0031A7D8 /* LaunchScreen.storyboard in Resources */ = {isa = PBXBuildFile; fileRef = E1635E2023D5BDFE0031A7D8 /* LaunchScreen.storyboard */; };
		E1635E2E23D736E70031A7D8 /* Extensions.swift in Sources */ = {isa = PBXBuildFile; fileRef = E1635E2D23D736E70031A7D8 /* Extensions.swift */; };
/* End PBXBuildFile section */

/* Begin PBXFileReference section */
		0C26373523E065EA0017A846 /* ViewController+CoachingOverlay.swift */ = {isa = PBXFileReference; fileEncoding = 4; lastKnownFileType = sourcecode.swift; path = "ViewController+CoachingOverlay.swift"; sourceTree = "<group>"; };
		28811F3E4EB27EC6196B6F5B /* LICENSE.txt */ = {isa = PBXFileReference; includeInIndex = 1; lastKnownFileType = text; path = LICENSE.txt; sourceTree = "<group>"; };
		5223913E2519FB550042F709 /* minMaxFromBuffer.h */ = {isa = PBXFileReference; fileEncoding = 4; lastKnownFileType = sourcecode.c.h; path = minMaxFromBuffer.h; sourceTree = "<group>"; };
		522391402519FB550042F709 /* PreviewMetalView.swift */ = {isa = PBXFileReference; fileEncoding = 4; lastKnownFileType = sourcecode.swift; path = PreviewMetalView.swift; sourceTree = "<group>"; };
		522391412519FB550042F709 /* VideoMixer.swift */ = {isa = PBXFileReference; fileEncoding = 4; lastKnownFileType = sourcecode.swift; path = VideoMixer.swift; sourceTree = "<group>"; };
		522391422519FB550042F709 /* CameraViewController.swift */ = {isa = PBXFileReference; fileEncoding = 4; lastKnownFileType = sourcecode.swift; path = CameraViewController.swift; sourceTree = "<group>"; };
		522391432519FB550042F709 /* HistogramCalculator.m */ = {isa = PBXFileReference; fileEncoding = 4; lastKnownFileType = sourcecode.c.objc; path = HistogramCalculator.m; sourceTree = "<group>"; };
		522391442519FB550042F709 /* minMaxFromBuffer.m */ = {isa = PBXFileReference; fileEncoding = 4; lastKnownFileType = sourcecode.c.objc; path = minMaxFromBuffer.m; sourceTree = "<group>"; };
		522391452519FB550042F709 /* DepthToJETConverter.swift */ = {isa = PBXFileReference; fileEncoding = 4; lastKnownFileType = sourcecode.swift; path = DepthToJETConverter.swift; sourceTree = "<group>"; };
		522391472519FB550042F709 /* PointCloud.metal */ = {isa = PBXFileReference; fileEncoding = 4; lastKnownFileType = sourcecode.metal; path = PointCloud.metal; sourceTree = "<group>"; };
		522391482519FB550042F709 /* Mixer.metal */ = {isa = PBXFileReference; fileEncoding = 4; lastKnownFileType = sourcecode.metal; path = Mixer.metal; sourceTree = "<group>"; };
		522391492519FB550042F709 /* DepthToJET.metal */ = {isa = PBXFileReference; fileEncoding = 4; lastKnownFileType = sourcecode.metal; path = DepthToJET.metal; sourceTree = "<group>"; };
		5223914A2519FB550042F709 /* PassThrough.metal */ = {isa = PBXFileReference; fileEncoding = 4; lastKnownFileType = sourcecode.metal; path = PassThrough.metal; sourceTree = "<group>"; };
		5223914B2519FB550042F709 /* FilterRenderer.swift */ = {isa = PBXFileReference; fileEncoding = 4; lastKnownFileType = sourcecode.swift; path = FilterRenderer.swift; sourceTree = "<group>"; };
		5223914D2519FB550042F709 /* HistogramCalculator.h */ = {isa = PBXFileReference; fileEncoding = 4; lastKnownFileType = sourcecode.c.h; path = HistogramCalculator.h; sourceTree = "<group>"; };
		5223914F2519FB550042F709 /* PointCloudMetalView.h */ = {isa = PBXFileReference; fileEncoding = 4; lastKnownFileType = sourcecode.c.h; path = PointCloudMetalView.h; sourceTree = "<group>"; };
		522391502519FB550042F709 /* AAPLTransforms.mm */ = {isa = PBXFileReference; fileEncoding = 4; lastKnownFileType = sourcecode.cpp.objcpp; path = AAPLTransforms.mm; sourceTree = "<group>"; };
		522391512519FB550042F709 /* AAPLTransforms.h */ = {isa = PBXFileReference; fileEncoding = 4; lastKnownFileType = sourcecode.c.h; path = AAPLTransforms.h; sourceTree = "<group>"; };
		522391522519FB550042F709 /* PointCloudMetalView.mm */ = {isa = PBXFileReference; fileEncoding = 4; lastKnownFileType = sourcecode.cpp.objcpp; path = PointCloudMetalView.mm; sourceTree = "<group>"; };
		522391642519FCAC0042F709 /* LIDAR_Scan_Export-Bridging-Header.h */ = {isa = PBXFileReference; lastKnownFileType = sourcecode.c.h; path = "LIDAR_Scan_Export-Bridging-Header.h"; sourceTree = "<group>"; };
		522391652519FE4A0042F709 /* ChooseDemoVC.swift */ = {isa = PBXFileReference; lastKnownFileType = sourcecode.swift; path = ChooseDemoVC.swift; sourceTree = "<group>"; };
		52239167251A0BF60042F709 /* README */ = {isa = PBXFileReference; lastKnownFileType = text; path = README; sourceTree = "<group>"; };
		AD2D44B524378AF40052D2C4 /* Foundation.framework */ = {isa = PBXFileReference; lastKnownFileType = wrapper.framework; name = Foundation.framework; path = System/Library/Frameworks/Foundation.framework; sourceTree = SDKROOT; };
		E136397F23EB064300668585 /* RoundedButton.swift */ = {isa = PBXFileReference; fileEncoding = 4; lastKnownFileType = sourcecode.swift; path = RoundedButton.swift; sourceTree = "<group>"; };
		E1635E1223D5BDFD0031A7D8 /* LIDAR Scan Export.app */ = {isa = PBXFileReference; explicitFileType = wrapper.application; includeInIndex = 0; path = "LIDAR Scan Export.app"; sourceTree = BUILT_PRODUCTS_DIR; };
		E1635E1523D5BDFD0031A7D8 /* AppDelegate.swift */ = {isa = PBXFileReference; lastKnownFileType = sourcecode.swift; path = AppDelegate.swift; sourceTree = "<group>"; };
		E1635E1723D5BDFD0031A7D8 /* ViewController.swift */ = {isa = PBXFileReference; lastKnownFileType = sourcecode.swift; path = ViewController.swift; sourceTree = "<group>"; };
		E1635E1C23D5BDFD0031A7D8 /* Base */ = {isa = PBXFileReference; lastKnownFileType = file.storyboard; name = Base; path = Base.lproj/Main.storyboard; sourceTree = "<group>"; };
		E1635E1E23D5BDFE0031A7D8 /* Assets.xcassets */ = {isa = PBXFileReference; lastKnownFileType = folder.assetcatalog; path = Assets.xcassets; sourceTree = "<group>"; };
		E1635E2123D5BDFE0031A7D8 /* Base */ = {isa = PBXFileReference; lastKnownFileType = file.storyboard; name = Base; path = Base.lproj/LaunchScreen.storyboard; sourceTree = "<group>"; };
		E1635E2323D5BDFE0031A7D8 /* Info.plist */ = {isa = PBXFileReference; lastKnownFileType = text.plist.xml; path = Info.plist; sourceTree = "<group>"; };
		E1635E2D23D736E70031A7D8 /* Extensions.swift */ = {isa = PBXFileReference; lastKnownFileType = sourcecode.swift; path = Extensions.swift; sourceTree = "<group>"; };
		EAFE649F2E6D58090EBA9357 /* SampleCode.xcconfig */ = {isa = PBXFileReference; lastKnownFileType = text.xcconfig; name = SampleCode.xcconfig; path = Configuration/SampleCode.xcconfig; sourceTree = "<group>"; };
/* End PBXFileReference section */

/* Begin PBXFrameworksBuildPhase section */
		E1635E0F23D5BDFD0031A7D8 /* Frameworks */ = {
			isa = PBXFrameworksBuildPhase;
			buildActionMask = 2147483647;
			files = (
			);
			runOnlyForDeploymentPostprocessing = 0;
		};
/* End PBXFrameworksBuildPhase section */

/* Begin PBXGroup section */
		108BE83088A2EF0C2296E2EC /* LICENSE */ = {
			isa = PBXGroup;
			children = (
				28811F3E4EB27EC6196B6F5B /* LICENSE.txt */,
			);
			path = LICENSE;
			sourceTree = "<group>";
		};
		5223913D2519FB550042F709 /* TrueDepthStreamer */ = {
			isa = PBXGroup;
			children = (
				522391422519FB550042F709 /* CameraViewController.swift */,
				522391452519FB550042F709 /* DepthToJETConverter.swift */,
				5223914B2519FB550042F709 /* FilterRenderer.swift */,
				5223914D2519FB550042F709 /* HistogramCalculator.h */,
				522391432519FB550042F709 /* HistogramCalculator.m */,
				522391642519FCAC0042F709 /* LIDAR_Scan_Export-Bridging-Header.h */,
				5223913E2519FB550042F709 /* minMaxFromBuffer.h */,
				522391442519FB550042F709 /* minMaxFromBuffer.m */,
				5223914E2519FB550042F709 /* PointCloud */,
				522391402519FB550042F709 /* PreviewMetalView.swift */,
				522391462519FB550042F709 /* Shaders */,
				522391412519FB550042F709 /* VideoMixer.swift */,
			);
			path = TrueDepthStreamer;
			sourceTree = "<group>";
		};
		522391462519FB550042F709 /* Shaders */ = {
			isa = PBXGroup;
			children = (
				522391472519FB550042F709 /* PointCloud.metal */,
				522391482519FB550042F709 /* Mixer.metal */,
				522391492519FB550042F709 /* DepthToJET.metal */,
				5223914A2519FB550042F709 /* PassThrough.metal */,
			);
			path = Shaders;
			sourceTree = "<group>";
		};
		5223914E2519FB550042F709 /* PointCloud */ = {
			isa = PBXGroup;
			children = (
				5223914F2519FB550042F709 /* PointCloudMetalView.h */,
				522391502519FB550042F709 /* AAPLTransforms.mm */,
				522391512519FB550042F709 /* AAPLTransforms.h */,
				522391522519FB550042F709 /* PointCloudMetalView.mm */,
			);
			path = PointCloud;
			sourceTree = "<group>";
		};
		AD2D44B424378AF40052D2C4 /* Frameworks */ = {
			isa = PBXGroup;
			children = (
				AD2D44B524378AF40052D2C4 /* Foundation.framework */,
			);
			name = Frameworks;
			sourceTree = "<group>";
		};
		E1635E0923D5BDFD0031A7D8 = {
			isa = PBXGroup;
			children = (
				52239167251A0BF60042F709 /* README */,
				E1635E1423D5BDFD0031A7D8 /* iPadLIDARScanExport */,
				E1635E1323D5BDFD0031A7D8 /* Products */,
				EA0E67A9F6B3B2B8047DADCB /* Configuration */,
				108BE83088A2EF0C2296E2EC /* LICENSE */,
				AD2D44B424378AF40052D2C4 /* Frameworks */,
			);
			sourceTree = "<group>";
		};
		E1635E1323D5BDFD0031A7D8 /* Products */ = {
			isa = PBXGroup;
			children = (
				E1635E1223D5BDFD0031A7D8 /* LIDAR Scan Export.app */,
			);
			name = Products;
			sourceTree = "<group>";
		};
		E1635E1423D5BDFD0031A7D8 /* iPadLIDARScanExport */ = {
			isa = PBXGroup;
			children = (
				E1635E1523D5BDFD0031A7D8 /* AppDelegate.swift */,
				E1635E1E23D5BDFE0031A7D8 /* Assets.xcassets */,
				522391652519FE4A0042F709 /* ChooseDemoVC.swift */,
				E1635E2D23D736E70031A7D8 /* Extensions.swift */,
				E1635E2323D5BDFE0031A7D8 /* Info.plist */,
				E1635E2023D5BDFE0031A7D8 /* LaunchScreen.storyboard */,
				E1635E1B23D5BDFD0031A7D8 /* Main.storyboard */,
				E136397F23EB064300668585 /* RoundedButton.swift */,
				5223913D2519FB550042F709 /* TrueDepthStreamer */,
				E1635E1723D5BDFD0031A7D8 /* ViewController.swift */,
				0C26373523E065EA0017A846 /* ViewController+CoachingOverlay.swift */,
			);
			path = iPadLIDARScanExport;
			sourceTree = "<group>";
		};
		EA0E67A9F6B3B2B8047DADCB /* Configuration */ = {
			isa = PBXGroup;
			children = (
				EAFE649F2E6D58090EBA9357 /* SampleCode.xcconfig */,
			);
			name = Configuration;
			sourceTree = "<group>";
		};
/* End PBXGroup section */

/* Begin PBXNativeTarget section */
		E1635E1123D5BDFD0031A7D8 /* iPadLIDARScanExport */ = {
			isa = PBXNativeTarget;
			buildConfigurationList = E1635E2623D5BDFE0031A7D8 /* Build configuration list for PBXNativeTarget "iPadLIDARScanExport" */;
			buildPhases = (
				E1635E0E23D5BDFD0031A7D8 /* Sources */,
				E1635E0F23D5BDFD0031A7D8 /* Frameworks */,
				E1635E1023D5BDFD0031A7D8 /* Resources */,
			);
			buildRules = (
			);
			dependencies = (
			);
			name = iPadLIDARScanExport;
			productName = MeshingSample;
			productReference = E1635E1223D5BDFD0031A7D8 /* LIDAR Scan Export.app */;
			productType = "com.apple.product-type.application";
		};
/* End PBXNativeTarget section */

/* Begin PBXProject section */
		E1635E0A23D5BDFD0031A7D8 /* Project object */ = {
			isa = PBXProject;
			attributes = {
				LastSwiftUpdateCheck = 1120;
				LastUpgradeCheck = 1120;
				ORGANIZATIONNAME = Apple;
				TargetAttributes = {
					E1635E1123D5BDFD0031A7D8 = {
						CreatedOnToolsVersion = 11.2.1;
					};
				};
			};
			buildConfigurationList = E1635E0D23D5BDFD0031A7D8 /* Build configuration list for PBXProject "iPadLIDARScanExport" */;
			compatibilityVersion = "Xcode 9.3";
			developmentRegion = en;
			hasScannedForEncodings = 0;
			knownRegions = (
				en,
				Base,
			);
			mainGroup = E1635E0923D5BDFD0031A7D8;
			productRefGroup = E1635E1323D5BDFD0031A7D8 /* Products */;
			projectDirPath = "";
			projectRoot = "";
			targets = (
				E1635E1123D5BDFD0031A7D8 /* iPadLIDARScanExport */,
			);
		};
/* End PBXProject section */

/* Begin PBXResourcesBuildPhase section */
		E1635E1023D5BDFD0031A7D8 /* Resources */ = {
			isa = PBXResourcesBuildPhase;
			buildActionMask = 2147483647;
			files = (
				52239168251A0BF60042F709 /* README in Resources */,
				E1635E2223D5BDFE0031A7D8 /* LaunchScreen.storyboard in Resources */,
				E1635E1F23D5BDFE0031A7D8 /* Assets.xcassets in Resources */,
				E1635E1D23D5BDFD0031A7D8 /* Main.storyboard in Resources */,
			);
			runOnlyForDeploymentPostprocessing = 0;
		};
/* End PBXResourcesBuildPhase section */

/* Begin PBXSourcesBuildPhase section */
		E1635E0E23D5BDFD0031A7D8 /* Sources */ = {
			isa = PBXSourcesBuildPhase;
			buildActionMask = 2147483647;
			files = (
				5223915F2519FB560042F709 /* AAPLTransforms.mm in Sources */,
				522391562519FB560042F709 /* HistogramCalculator.m in Sources */,
				E1635E1823D5BDFD0031A7D8 /* ViewController.swift in Sources */,
				522391592519FB560042F709 /* PointCloud.metal in Sources */,
				E136398023EB064300668585 /* RoundedButton.swift in Sources */,
				5223915A2519FB560042F709 /* Mixer.metal in Sources */,
				E1635E1623D5BDFD0031A7D8 /* AppDelegate.swift in Sources */,
				522391542519FB560042F709 /* VideoMixer.swift in Sources */,
				522391662519FE4A0042F709 /* ChooseDemoVC.swift in Sources */,
				522391532519FB560042F709 /* PreviewMetalView.swift in Sources */,
				522391582519FB560042F709 /* DepthToJETConverter.swift in Sources */,
				522391552519FB560042F709 /* CameraViewController.swift in Sources */,
				5223915B2519FB560042F709 /* DepthToJET.metal in Sources */,
				522391572519FB560042F709 /* minMaxFromBuffer.m in Sources */,
				5223915D2519FB560042F709 /* FilterRenderer.swift in Sources */,
				E1635E2E23D736E70031A7D8 /* Extensions.swift in Sources */,
				522391602519FB560042F709 /* PointCloudMetalView.mm in Sources */,
				5223915C2519FB560042F709 /* PassThrough.metal in Sources */,
				0C26373623E065EB0017A846 /* ViewController+CoachingOverlay.swift in Sources */,
			);
			runOnlyForDeploymentPostprocessing = 0;
		};
/* End PBXSourcesBuildPhase section */

/* Begin PBXVariantGroup section */
		E1635E1B23D5BDFD0031A7D8 /* Main.storyboard */ = {
			isa = PBXVariantGroup;
			children = (
				E1635E1C23D5BDFD0031A7D8 /* Base */,
			);
			name = Main.storyboard;
			sourceTree = "<group>";
		};
		E1635E2023D5BDFE0031A7D8 /* LaunchScreen.storyboard */ = {
			isa = PBXVariantGroup;
			children = (
				E1635E2123D5BDFE0031A7D8 /* Base */,
			);
			name = LaunchScreen.storyboard;
			sourceTree = "<group>";
		};
/* End PBXVariantGroup section */

/* Begin XCBuildConfiguration section */
		E1635E2423D5BDFE0031A7D8 /* Debug */ = {
			isa = XCBuildConfiguration;
			baseConfigurationReference = EAFE649F2E6D58090EBA9357 /* SampleCode.xcconfig */;
			buildSettings = {
				ALWAYS_SEARCH_USER_PATHS = NO;
				CLANG_ANALYZER_NONNULL = YES;
				CLANG_ANALYZER_NUMBER_OBJECT_CONVERSION = YES_AGGRESSIVE;
				CLANG_CXX_LANGUAGE_STANDARD = "gnu++14";
				CLANG_CXX_LIBRARY = "libc++";
				CLANG_ENABLE_MODULES = YES;
				CLANG_ENABLE_OBJC_ARC = YES;
				CLANG_ENABLE_OBJC_WEAK = YES;
				CLANG_WARN_BLOCK_CAPTURE_AUTORELEASING = YES;
				CLANG_WARN_BOOL_CONVERSION = YES;
				CLANG_WARN_COMMA = YES;
				CLANG_WARN_CONSTANT_CONVERSION = YES;
				CLANG_WARN_DEPRECATED_OBJC_IMPLEMENTATIONS = YES;
				CLANG_WARN_DIRECT_OBJC_ISA_USAGE = YES_ERROR;
				CLANG_WARN_DOCUMENTATION_COMMENTS = YES;
				CLANG_WARN_EMPTY_BODY = YES;
				CLANG_WARN_ENUM_CONVERSION = YES;
				CLANG_WARN_INFINITE_RECURSION = YES;
				CLANG_WARN_INT_CONVERSION = YES;
				CLANG_WARN_NON_LITERAL_NULL_CONVERSION = YES;
				CLANG_WARN_OBJC_IMPLICIT_RETAIN_SELF = YES;
				CLANG_WARN_OBJC_LITERAL_CONVERSION = YES;
				CLANG_WARN_OBJC_ROOT_CLASS = YES_ERROR;
				CLANG_WARN_RANGE_LOOP_ANALYSIS = YES;
				CLANG_WARN_STRICT_PROTOTYPES = YES;
				CLANG_WARN_SUSPICIOUS_MOVE = YES;
				CLANG_WARN_UNGUARDED_AVAILABILITY = YES_AGGRESSIVE;
				CLANG_WARN_UNREACHABLE_CODE = YES;
				CLANG_WARN__DUPLICATE_METHOD_MATCH = YES;
				COPY_PHASE_STRIP = NO;
				DEBUG_INFORMATION_FORMAT = dwarf;
				ENABLE_STRICT_OBJC_MSGSEND = YES;
				ENABLE_TESTABILITY = YES;
				GCC_C_LANGUAGE_STANDARD = gnu11;
				GCC_DYNAMIC_NO_PIC = NO;
				GCC_NO_COMMON_BLOCKS = YES;
				GCC_OPTIMIZATION_LEVEL = 0;
				GCC_PREPROCESSOR_DEFINITIONS = (
					"DEBUG=1",
					"$(inherited)",
				);
				GCC_WARN_64_TO_32_BIT_CONVERSION = YES;
				GCC_WARN_ABOUT_RETURN_TYPE = YES_ERROR;
				GCC_WARN_UNDECLARED_SELECTOR = YES;
				GCC_WARN_UNINITIALIZED_AUTOS = YES_AGGRESSIVE;
				GCC_WARN_UNUSED_FUNCTION = YES;
				GCC_WARN_UNUSED_VARIABLE = YES;
				IPHONEOS_DEPLOYMENT_TARGET = 13.4;
				MTL_ENABLE_DEBUG_INFO = INCLUDE_SOURCE;
				MTL_FAST_MATH = YES;
				ONLY_ACTIVE_ARCH = YES;
				SDKROOT = iphoneos;
				SWIFT_ACTIVE_COMPILATION_CONDITIONS = DEBUG;
				SWIFT_OPTIMIZATION_LEVEL = "-Onone";
			};
			name = Debug;
		};
		E1635E2523D5BDFE0031A7D8 /* Release */ = {
			isa = XCBuildConfiguration;
			baseConfigurationReference = EAFE649F2E6D58090EBA9357 /* SampleCode.xcconfig */;
			buildSettings = {
				ALWAYS_SEARCH_USER_PATHS = NO;
				CLANG_ANALYZER_NONNULL = YES;
				CLANG_ANALYZER_NUMBER_OBJECT_CONVERSION = YES_AGGRESSIVE;
				CLANG_CXX_LANGUAGE_STANDARD = "gnu++14";
				CLANG_CXX_LIBRARY = "libc++";
				CLANG_ENABLE_MODULES = YES;
				CLANG_ENABLE_OBJC_ARC = YES;
				CLANG_ENABLE_OBJC_WEAK = YES;
				CLANG_WARN_BLOCK_CAPTURE_AUTORELEASING = YES;
				CLANG_WARN_BOOL_CONVERSION = YES;
				CLANG_WARN_COMMA = YES;
				CLANG_WARN_CONSTANT_CONVERSION = YES;
				CLANG_WARN_DEPRECATED_OBJC_IMPLEMENTATIONS = YES;
				CLANG_WARN_DIRECT_OBJC_ISA_USAGE = YES_ERROR;
				CLANG_WARN_DOCUMENTATION_COMMENTS = YES;
				CLANG_WARN_EMPTY_BODY = YES;
				CLANG_WARN_ENUM_CONVERSION = YES;
				CLANG_WARN_INFINITE_RECURSION = YES;
				CLANG_WARN_INT_CONVERSION = YES;
				CLANG_WARN_NON_LITERAL_NULL_CONVERSION = YES;
				CLANG_WARN_OBJC_IMPLICIT_RETAIN_SELF = YES;
				CLANG_WARN_OBJC_LITERAL_CONVERSION = YES;
				CLANG_WARN_OBJC_ROOT_CLASS = YES_ERROR;
				CLANG_WARN_RANGE_LOOP_ANALYSIS = YES;
				CLANG_WARN_STRICT_PROTOTYPES = YES;
				CLANG_WARN_SUSPICIOUS_MOVE = YES;
				CLANG_WARN_UNGUARDED_AVAILABILITY = YES_AGGRESSIVE;
				CLANG_WARN_UNREACHABLE_CODE = YES;
				CLANG_WARN__DUPLICATE_METHOD_MATCH = YES;
				COPY_PHASE_STRIP = NO;
				DEBUG_INFORMATION_FORMAT = "dwarf-with-dsym";
				ENABLE_NS_ASSERTIONS = NO;
				ENABLE_STRICT_OBJC_MSGSEND = YES;
				GCC_C_LANGUAGE_STANDARD = gnu11;
				GCC_NO_COMMON_BLOCKS = YES;
				GCC_WARN_64_TO_32_BIT_CONVERSION = YES;
				GCC_WARN_ABOUT_RETURN_TYPE = YES_ERROR;
				GCC_WARN_UNDECLARED_SELECTOR = YES;
				GCC_WARN_UNINITIALIZED_AUTOS = YES_AGGRESSIVE;
				GCC_WARN_UNUSED_FUNCTION = YES;
				GCC_WARN_UNUSED_VARIABLE = YES;
				IPHONEOS_DEPLOYMENT_TARGET = 13.4;
				MTL_ENABLE_DEBUG_INFO = NO;
				MTL_FAST_MATH = YES;
				SDKROOT = iphoneos;
				SWIFT_COMPILATION_MODE = wholemodule;
				SWIFT_OPTIMIZATION_LEVEL = "-O";
				VALIDATE_PRODUCT = YES;
			};
			name = Release;
		};
		E1635E2723D5BDFE0031A7D8 /* Debug */ = {
			isa = XCBuildConfiguration;
			baseConfigurationReference = EAFE649F2E6D58090EBA9357 /* SampleCode.xcconfig */;
			buildSettings = {
				ASSETCATALOG_COMPILER_APPICON_NAME = AppIcon;
				CODE_SIGN_IDENTITY = "iPhone Developer";
				CODE_SIGN_STYLE = Automatic;
				DEVELOPMENT_TEAM = 2GN6Q3MFP2;
				INFOPLIST_FILE = "$(SRCROOT)/iPadLIDARScanExport/Info.plist";
				LD_RUNPATH_SEARCH_PATHS = (
					"$(inherited)",
					"@executable_path/Frameworks",
				);
				PRODUCT_BUNDLE_IDENTIFIER = com.sample.iPadLIDARScanExport;
				PRODUCT_NAME = "LIDAR Scan Export";
				PROVISIONING_PROFILE_SPECIFIER = "";
				SDKROOT = iphoneos;
				SWIFT_OBJC_BRIDGING_HEADER = "$(SRCROOT)/iPadLIDARScanExport/TrueDepthStreamer/LIDAR_Scan_Export-Bridging-Header.h";
				SWIFT_VERSION = 5.0;
				TARGETED_DEVICE_FAMILY = "1,2";
			};
			name = Debug;
		};
		E1635E2823D5BDFE0031A7D8 /* Release */ = {
			isa = XCBuildConfiguration;
			baseConfigurationReference = EAFE649F2E6D58090EBA9357 /* SampleCode.xcconfig */;
			buildSettings = {
				ASSETCATALOG_COMPILER_APPICON_NAME = AppIcon;
				CODE_SIGN_IDENTITY = "iPhone Developer";
				CODE_SIGN_STYLE = Automatic;
				DEVELOPMENT_TEAM = 2GN6Q3MFP2;
				INFOPLIST_FILE = "$(SRCROOT)/iPadLIDARScanExport/Info.plist";
				LD_RUNPATH_SEARCH_PATHS = (
					"$(inherited)",
					"@executable_path/Frameworks",
				);
				PRODUCT_BUNDLE_IDENTIFIER = com.sample.iPadLIDARScanExport;
				PRODUCT_NAME = "LIDAR Scan Export";
				PROVISIONING_PROFILE_SPECIFIER = "";
				SDKROOT = iphoneos;
				SWIFT_OBJC_BRIDGING_HEADER = "$(SRCROOT)/iPadLIDARScanExport/TrueDepthStreamer/LIDAR_Scan_Export-Bridging-Header.h";
				SWIFT_VERSION = 5.0;
				TARGETED_DEVICE_FAMILY = "1,2";
			};
			name = Release;
		};
/* End XCBuildConfiguration section */

/* Begin XCConfigurationList section */
		E1635E0D23D5BDFD0031A7D8 /* Build configuration list for PBXProject "iPadLIDARScanExport" */ = {
			isa = XCConfigurationList;
			buildConfigurations = (
				E1635E2423D5BDFE0031A7D8 /* Debug */,
				E1635E2523D5BDFE0031A7D8 /* Release */,
			);
			defaultConfigurationIsVisible = 0;
			defaultConfigurationName = Release;
		};
		E1635E2623D5BDFE0031A7D8 /* Build configuration list for PBXNativeTarget "iPadLIDARScanExport" */ = {
			isa = XCConfigurationList;
			buildConfigurations = (
				E1635E2723D5BDFE0031A7D8 /* Debug */,
				E1635E2823D5BDFE0031A7D8 /* Release */,
			);
			defaultConfigurationIsVisible = 0;
			defaultConfigurationName = Release;
		};
/* End XCConfigurationList section */
	};
	rootObject = E1635E0A23D5BDFD0031A7D8 /* Project object */;
}
